# This file was autogenerated by Stack.
# You should not edit this file by hand.
# For more information, please see the documentation at:
#   https://docs.haskellstack.org/en/stable/lock_files

packages:
- completed:
    name: sky-utils
    version: 0.2.0.0
    git: /Users/markus/Dev/haskell/sky-utils
    pantry-tree:
      size: 583
      sha256: 8519fc9ed4b4b5d45b7408eb183371b4e994cbb5cdb841edce97cc8436daa616
    commit: 2f21fd9ebf822dd42be30b008cd3c7670044c724
  original:
    git: /Users/markus/Dev/haskell/sky-utils
    commit: 2f21fd9ebf822dd42be30b008cd3c7670044c724
- completed:
    hackage: wl-pprint-1.2.1@sha256:aea676cff4a062d7d912149d270e33f5bb0c01b68a9db46ff13b438141ff4b7c,734
    pantry-tree:
      size: 221
      sha256: 750b375c6fc33400551f9e32e26e41844c372270a9bc3571e912fa36df7c6d4f
  original:
    hackage: wl-pprint-1.2.1@sha256:aea676cff4a062d7d912149d270e33f5bb0c01b68a9db46ff13b438141ff4b7c,734
snapshots:
- completed:
    size: 563100
    url: https://raw.githubusercontent.com/commercialhaskell/stackage-snapshots/master/lts/17/0.yaml
    sha256: e93a85871577ea3423d5f3454b2b6bd37c2c2123c79faf511dfb64f5b49a9f8b
  original: lts-17.0
